github.com/a-h/templ v0.2.501 h1:9rIo5u+B+NDJIkbHGthckUGRguCuWKY/7ri8e2ckn9M=
github.com/a-h/templ v0.2.501/go.mod h1:9gZxTLtRzM3gQxO8jr09Na0v8/jfliS97S9W5SScanM=
github.com/aws/aws-sdk-go-v2 v1.25.1 h1:P7hU6A5qEdmajGwvae/zDkOq+ULLC9tQBTwqqiwFGpI=
github.com/aws/aws-sdk-go-v2 v1.25.1/go.mod h1:Evoc5AsmtveRt1komDwIsjHFyrP5tDuF1D1U+6z6pNo=
github.com/aws/aws-sdk-go-v2/aws/protocol/eventstream v1.6.1 h1:gTK2uhtAPtFcdRRJilZPx8uJLL2J85xK11nKtWL0wfU=
github.com/aws/aws-sdk-go-v2/aws/protocol/eventstream v1.6.1/go.mod h1:sxpLb+nZk7tIfCWChfd+h4QwHNUR57d8hA1cleTkjJo=
github.com/aws/aws-sdk-go-v2/config v1.27.2 h1:XnMKB9JRjfnxg9ZkUic4MiapnWJISWRo8HVM+7nx9qQ=
github.com/aws/aws-sdk-go-v2/config v1.27.2/go.mod h1:z/XIktFoVIKNEqX/811vx4eHetrC3tAkgJKL1ZY/KM4=
github.com/aws/aws-sdk-go-v2/credentials v1.17.2 h1:tCZXWtH0HiIEZ50NJ7/QEaXmuzEd36L+2JUiZkp2nsc=
github.com/aws/aws-sdk-go-v2/credentials v1.17.2/go.mod h1:7Zo+D6q4auSIo3p4EItuTKTk7J+RqjASISZqLvmUgpc=
github.com/aws/aws-sdk-go-v2/feature/ec2/imds v1.15.1 h1:lk1ZZFbdb24qpOwVC1AwYNrswUjAxeyey6kFBVANudQ=
github.com/aws/aws-sdk-go-v2/feature/ec2/imds v1.15.1/go.mod h1:/xJ6x1NehNGCX4tvGzzj2bq5TBOT/Yxq+qbL9Jpx2Vk=
github.com/aws/aws-sdk-go-v2/feature/s3/manager v1.16.4 h1:yuhSpqtahkrC8kRCU5v4gEaTDy/ccTIPIkufIRF7YTk=
github.com/aws/aws-sdk-go-v2/feature/s3/manager v1.16.4/go.mod h1:q3SxgP2WD9YRLCybtyse8EgO3vKKWVmxlTmBNeRXPyk=
github.com/aws/aws-sdk-go-v2/internal/configsources v1.3.1 h1:evvi7FbTAoFxdP/mixmP7LIYzQWAmzBcwNB/es9XPNc=
github.com/aws/aws-sdk-go-v2/internal/configsources v1.3.1/go.mod h1:rH61DT6FDdikhPghymripNUCsf+uVF4Cnk4c4DBKH64=
github.com/aws/aws-sdk-go-v2/internal/endpoints/v2 v2.6.1 h1:RAnaIrbxPtlXNVI/OIlh1sidTQ3e1qM6LRjs7N0bE0I=
github.com/aws/aws-sdk-go-v2/internal/endpoints/v2 v2.6.1/go.mod h1:nbgAGkH5lk0RZRMh6A4K/oG6Xj11eC/1CyDow+DUAFI=
github.com/aws/aws-sdk-go-v2/internal/ini v1.8.0 h1:hT8rVHwugYE2lEfdFE0QWVo81lF7jMrYJVDWI+f+VxU=
github.com/aws/aws-sdk-go-v2/internal/ini v1.8.0/go.mod h1:8tu/lYfQfFe6IGnaOdrpVgEL2IrrDOf6/m9RQum4NkY=
github.com/aws/aws-sdk-go-v2/internal/v4a v1.3.1 h1:rtYJd3w6IWCTVS8vmMaiXjW198noh2PBm5CiXyJea9o=
github.com/aws/aws-sdk-go-v2/internal/v4a v1.3.1/go.mod h1:zvXu+CTlib30LUy4LTNFc6HTZ/K6zCae5YIHTdX9wIo=
github.com/aws/aws-sdk-go-v2/service/internal/accept-encoding v1.11.1 h1:EyBZibRTVAs6ECHZOw5/wlylS9OcTzwyjeQMudmREjE=
github.com/aws/aws-sdk-go-v2/service/internal/accept-encoding v1.11.1/go.mod h1:JKpmtYhhPs7D97NL/ltqz7yCkERFW5dOlHyVl66ZYF8=
github.com/aws/aws-sdk-go-v2/service/internal/checksum v1.3.1 h1:5Wxh862HkXL9CbQ83BIkWKLIgQapGeuh5zG2G9OZtQk=
github.com/aws/aws-sdk-go-v2/service/internal/checksum v1.3.1/go.mod h1:V7GLA01pNUxMCYSQsibdVrqUrNIYIT/9lCOyR8ExNvQ=
github.com/aws/aws-sdk-go-v2/service/internal/presigned-url v1.11.1 h1:cVP8mng1RjDyI3JN/AXFCn5FHNlsBaBH0/MBtG1bg0o=
github.com/aws/aws-sdk-go-v2/service/internal/presigned-url v1.11.1/go.mod h1:C8sQjoyAsdfjC7hpy4+S6B92hnFzx0d0UAyHicaOTIE=
github.com/aws/aws-sdk-go-v2/service/internal/s3shared v1.17.1 h1:OYmmIcyw19f7x0qLBLQ3XsrCZSSyLhxd9GXng5evsN4=
github.com/aws/aws-sdk-go-v2/service/internal/s3shared v1.17.1/go.mod h1:s5rqdn74Vdg10k61Pwf4ZHEApOSD6CKRe6qpeHDq32I=
github.com/aws/aws-sdk-go-v2/service/s3 v1.50.3 h1:Cv/HH7sLzEdJMYQi4MCNHxZeyubQNOOIdVc0VU0lo3Q=
github.com/aws/aws-sdk-go-v2/service/s3 v1.50.3/go.mod h1:lTW7O4iMAnO2o7H3XJTvqaWFZCH6zIPs+eP7RdG/yp0=
github.com/aws/aws-sdk-go-v2/service/sso v1.19.2 h1:pnj8llQoBAHD4UmbM8UM5GdfycFJKMhgPSeaOyRaZ34=
github.com/aws/aws-sdk-go-v2/service/sso v1.19.2/go.mod h1:x6/tCd1o/AOKQR+iYnjrzhJxD+w0xRN34asGPaSV7ew=
github.com/aws/aws-sdk-go-v2/service/ssooidc v1.22.2 h1:L4yhKxW6HbTSQ08OsvPJuaspaLE40qMgprgXUNFUiMg=
github.com/aws/aws-sdk-go-v2/service/ssooidc v1.22.2/go.mod h1:lZB123q0SVQ3dfIbEOcGzhQHrwVBcHVReNS9tm20oU4=
github.com/aws/aws-sdk-go-v2/service/sts v1.27.2 h1:Dr+7r/p20XpN+1U5tVNZfA2bLq0kQ9IjVBM0iAyMMLg=
github.com/aws/aws-sdk-go-v2/service/sts v1.27.2/go.mod h1:ozhhG9/NB5c9jcmhGq6tX9dpp21LYdmRWRQVppASim4=
github.com/aws/smithy-go v1.20.1 h1:4SZlSlMr36UEqC7XOyRVb27XMeZubNcBNN+9IgEPIQw=
github.com/aws/smithy-go v1.20.1/go.mod h1:krry+ya/rV9RDcV/Q16kpu6ypI4K2czasz0NC3qS14E=
github.com/beorn7/perks v1.0.1 h1:VlbKKnNfV8bJzeqoa4cOKqO6bYr3WgKZxO8Z16+hsOM=
github.com/beorn7/perks v1.0.1/go.mod h1:G2ZrVWU2WbWT9wwq4/hrbKbnv/1ERSJQ0ibhJ6rlkpw=
github.com/cespare/xxhash/v2 v2.2.0 h1:DC2CZ1Ep5Y4k3ZQ899DldepgrayRUGE6BBZ/cd9Cj44=
github.com/cespare/xxhash/v2 v2.2.0/go.mod h1:VGX0DQ3Q6kWi7AoAeZDth3/j3BFtOZR5XLFGgcrjCOs=
github.com/davecgh/go-spew v1.1.0/go.mod h1:J7Y8YcW2NihsgmVo/mv3lAwl/skON4iLHjSsI+c5H38=
github.com/davecgh/go-spew v1.1.1 h1:vj9j/u1bqnvCEfJOwUhtlOARqs3+rkHYY13jYWTU97c=
github.com/davecgh/go-spew v1.1.1/go.mod h1:J7Y8YcW2NihsgmVo/mv3lAwl/skON4iLHjSsI+c5H38=
github.com/golang-jwt/jwt v3.2.2+incompatible h1:IfV12K8xAKAnZqdXVzCZ+TOjboZ2keLg81eXfW3O+oY=
github.com/golang-jwt/jwt v3.2.2+incompatible/go.mod h1:8pz2t5EyA70fFQQSrl6XZXzqecmYZeUEB8OUGHkxJ+I=
github.com/golang/protobuf v1.2.0/go.mod h1:6lQm79b+lXiMfvg/cZm0SGofjICqVBUtrP5yJMmIC1U=
github.com/golang/protobuf v1.3.5/go.mod h1:6O5/vntMXwX2lRkT1hjjk0nAC1IDOTvTlVgjlRvqsdk=
github.com/golang/protobuf v1.5.0/go.mod h1:FsONVRAS9T7sI+LIUmWTfcYkHO4aIWwzhcaSAoJOfIk=
github.com/golang/protobuf v1.5.2 h1:ROPKBNFfQgOUMifHyP+KYbvpjbdoFNs+aK7DXlji0Tw=
github.com/golang/protobuf v1.5.2/go.mod h1:XVQd3VNwM+JqD3oG2Ue2ip4fOMUkwXdXDdiuN0vRsmY=
github.com/google/go-cmp v0.5.5/go.mod h1:v8dTdLbMG2kIc/vJvl+f65V22dbkXbowE6jgT/gNBxE=
github.com/google/go-cmp v0.6.0 h1:ofyhxvXcZhMsU5ulbFiLKl/XBFqE1GSq7atu8tAmTRI=
github.com/google/go-cmp v0.6.0/go.mod h1:17dUlkBOakJ0+DkrSSNjCkIjxS6bF9zb3elmeNGIjoY=
github.com/google/gofuzz v1.0.0/go.mod h1:dBl0BpW6vV/+mYPU4Po3pmUjxk6FQPldtuIdl/M65Eg=
github.com/google/uuid v1.6.0 h1:NIvaJDMOsjHA8n1jAhLSgzrAzy1Hgr+hNrb57e+94F0=
github.com/google/uuid v1.6.0/go.mod h1:TIyPZe4MgqvfeYDBFedMoGGpEw/LqOeaOT+nhxU+yHo=
github.com/h2non/bimg v1.1.9 h1:WH20Nxko9l/HFm4kZCA3Phbgu2cbHvYzxwxn9YROEGg=
github.com/h2non/bimg v1.1.9/go.mod h1:R3+UiYwkK4rQl6KVFTOFJHitgLbZXBZNFh2cv3AEbp8=
github.com/jackc/pgpassfile v1.0.0 h1:/6Hmqy13Ss2zCq62VdNG8tM1wchn8zjSGOBJ6icpsIM=
github.com/jackc/pgpassfile v1.0.0/go.mod h1:CEx0iS5ambNFdcRtxPj5JhEz+xB6uRky5eyVu/W2HEg=
github.com/jackc/pgservicefile v0.0.0-20221227161230-091c0ba34f0a h1:bbPeKD0xmW/Y25WS6cokEszi5g+S0QxI/d45PkRi7Nk=
github.com/jackc/pgservicefile v0.0.0-20221227161230-091c0ba34f0a/go.mod h1:5TJZWKEWniPve33vlWYSoGYefn3gLQRzjfDlhSJ9ZKM=
github.com/jackc/pgx/v5 v5.4.3 h1:cxFyXhxlvAifxnkKKdlxv8XqUf59tDlYjnV5YYfsJJY=
github.com/jackc/pgx/v5 v5.4.3/go.mod h1:Ig06C2Vu0t5qXC60W8sqIthScaEnFvojjj9dSljmHRA=
github.com/jinzhu/inflection v1.0.0 h1:K317FqzuhWc8YvSVlFMCCUb36O/S9MCKRDI7QkRKD/E=
github.com/jinzhu/inflection v1.0.0/go.mod h1:h+uFLlag+Qp1Va5pdKtLDYj+kHp5pxUVkryuEj+Srlc=
github.com/jinzhu/now v1.1.5 h1:/o9tlHleP7gOFmsnYNz3RGnqzefHA47wQpKrrdTIwXQ=
github.com/jinzhu/now v1.1.5/go.mod h1:d3SSVoowX0Lcu0IBviAWJpolVfI5UJVZZ7cO71lE/z8=
github.com/jmespath/go-jmespath v0.4.0 h1:BEgLn5cpjn8UN1mAw4NjwDrS35OdebyEtFe+9YPoQUg=
github.com/jmespath/go-jmespath v0.4.0/go.mod h1:T8mJZnbsbmF+m6zOOFylbeCJqk5+pHWvzYPziyZiYoo=
github.com/jmespath/go-jmespath/internal/testify v1.5.1 h1:shLQSRRSCCPj3f2gpwzGwWFoC7ycTf1rcQZHOlsJ6N8=
github.com/jmespath/go-jmespath/internal/testify v1.5.1/go.mod h1:L3OGu8Wl2/fWfCI6z80xFu9LTZmf1ZRjMHUOPmWr69U=
github.com/json-iterator/go v1.1.12 h1:PV8peI4a0ysnczrg+LtxykD8LfKY9ML6u2jnxaEnrnM=
github.com/json-iterator/go v1.1.12/go.mod h1:e30LSqwooZae/UwlEbR2852Gd8hjQvJoHmT4TnhNGBo=
github.com/labstack/echo-contrib v0.15.0 h1:9K+oRU265y4Mu9zpRDv3X+DGTqUALY6oRHCSZZKCRVU=
github.com/labstack/echo-contrib v0.15.0/go.mod h1:lei+qt5CLB4oa7VHTE0yEfQSEB9XTJI1LUqko9UWvo4=
github.com/labstack/echo/v4 v4.10.2 h1:n1jAhnq/elIFTHr1EYpiYtyKgx4RW9ccVgkqByZaN2M=
github.com/labstack/echo/v4 v4.10.2/go.mod h1:OEyqf2//K1DFdE57vw2DRgWY0M7s65IVQO2FzvI4J5k=
github.com/labstack/gommon v0.4.2 h1:F8qTUNXgG1+6WQmqoUWnz8WiEU60mXVVw0P4ht1WRA0=
github.com/labstack/gommon v0.4.2/go.mod h1:QlUFxVM+SNXhDL/Z7YhocGIBYOiwB0mXm1+1bAPHPyU=
github.com/lib/pq v1.10.9 h1:YXG7RB+JIjhP29X+OtkiDnYaXQwpS4JEWq7dtCCRUEw=
github.com/lib/pq v1.10.9/go.mod h1:AlVN5x4E4T544tWzH6hKfbfQvm3HdbOxrmggDNAPY9o=
github.com/mattn/go-colorable v0.1.13 h1:fFA4WZxdEF4tXPZVKMLwD8oUnCTTo08duU7wxecdEvA=
github.com/mattn/go-colorable v0.1.13/go.mod h1:7S9/ev0klgBDR4GtXTXX8a3vIGJpMovkB8vQcUbaXHg=
github.com/mattn/go-isatty v0.0.16/go.mod h1:kYGgaQfpe5nmfYZH+SKPsOc2e4SrIfOl2e/yFXSvRLM=
github.com/mattn/go-isatty v0.0.20 h1:xfD0iDuEKnDkl03q4limB+vH+GxLEtL/jb4xVJSWWEY=
github.com/mattn/go-isatty v0.0.20/go.mod h1:W+V8PltTTMOvKvAeJH7IuucS94S2C6jfK/D7dTCTo3Y=
github.com/mattn/go-sqlite3 v1.14.17 h1:mCRHCLDUBXgpKAqIKsaAaAsrAlbkeomtRFKXh2L6YIM=
github.com/mattn/go-sqlite3 v1.14.17/go.mod h1:2eHXhiwb8IkHr+BDWZGa96P6+rkvnG63S2DGjv9HUNg=
github.com/matttproud/golang_protobuf_extensions v1.0.4 h1:mmDVorXM7PCGKw94cs5zkfA9PSy5pEvNWRP0ET0TIVo=
github.com/matttproud/golang_protobuf_extensions v1.0.4/go.mod h1:BSXmuO+STAnVfrANrmjBb36TMTDstsz7MSK+HVaYKv4=
github.com/modern-go/concurrent v0.0.0-20180228061459-e0a39a4cb421/go.mod h1:6dJC0mAP4ikYIbvyc7fijjWJddQyLn8Ig3JB5CqoB9Q=
github.com/modern-go/concurrent v0.0.0-20180306012644-bacd9c7ef1dd h1:TRLaZ9cD/w8PVh93nsPXa1VrQ6jlwL5oN8l14QlcNfg=
github.com/modern-go/concurrent v0.0.0-20180306012644-bacd9c7ef1dd/go.mod h1:6dJC0mAP4ikYIbvyc7fijjWJddQyLn8Ig3JB5CqoB9Q=
github.com/modern-go/reflect2 v1.0.2 h1:xBagoLtFs94CBntxluKeaWgTMpvLxC4ur3nMaC9Gz0M=
github.com/modern-go/reflect2 v1.0.2/go.mod h1:yWuevngMOJpCy52FWWMvUC8ws7m/LJsjYzDa0/r8luk=
github.com/pmezard/go-difflib v1.0.0 h1:4DBwDE0NGyQoBHbLQYPwSUPoCMWR5BEzIk/f1lZbAQM=
github.com/pmezard/go-difflib v1.0.0/go.mod h1:iKH77koFhYxTK1pcRnkKkqfTogsbg7gZNVY4sRDYZ/4=
github.com/prometheus/client_golang v1.14.0 h1:nJdhIvne2eSX/XRAFV9PcvFFRbrjbcTUj0VP62TMhnw=
github.com/prometheus/client_golang v1.14.0/go.mod h1:8vpkKitgIVNcqrRBWh1C4TIUQgYNtG/XQE4E/Zae36Y=
github.com/prometheus/client_model v0.3.0 h1:UBgGFHqYdG/TPFD1B1ogZywDqEkwp3fBMvqdiQ7Xew4=
github.com/prometheus/client_model v0.3.0/go.mod h1:LDGWKZIo7rky3hgvBe+caln+Dr3dPggB5dvjtD7w9+w=
github.com/prometheus/common v0.40.0 h1:Afz7EVRqGg2Mqqf4JuF9vdvp1pi220m55Pi9T2JnO4Q=
github.com/prometheus/common v0.40.0/go.mod h1:L65ZJPSmfn/UBWLQIHV7dBrKFidB/wPlF1y5TlSt9OE=
github.com/prometheus/procfs v0.9.0 h1:wzCHvIvM5SxWqYvwgVL7yJY8Lz3PKn49KQtpgMYJfhI=
github.com/prometheus/procfs v0.9.0/go.mod h1:+pB4zwohETzFnmlpe6yd2lSc+0/46IYZRB/chUwxUZY=
github.com/stretchr/objx v0.1.0/go.mod h1:HFkY916IF+rwdDfMAkV7OtwuqBVzrE8GR6GFx+wExME=
github.com/stretchr/testify v1.3.0/go.mod h1:M5WIy9Dh21IEIfnGCwXGc5bZfKNJtfHm1UVUgZn+9EI=
github.com/stretchr/testify v1.7.0/go.mod h1:6Fq8oRcR53rry900zMqJjRRixrwX3KX962/h/Wwjteg=
github.com/stretchr/testify v1.8.4 h1:CcVxjf3Q8PM0mHUKJCdn+eZZtm5yQwehR5yeSVQQcUk=
github.com/stretchr/testify v1.8.4/go.mod h1:sz/lmYIOXD/1dqDmKjjqLyZ2RngseejIcXlSw2iwfAo=
github.com/valyala/bytebufferpool v1.0.0 h1:GqA5TC/0021Y/b9FG4Oi9Mr3q7XYx6KllzawFIhcdPw=
github.com/valyala/bytebufferpool v1.0.0/go.mod h1:6bBcMArwyJ5K/AmCkWv1jt77kVWyCJ6HpOuEn7z0Csc=
github.com/valyala/fasttemplate v1.2.2 h1:lxLXG0uE3Qnshl9QyaK6XJxMXlQZELvChBOCmQD0Loo=
github.com/valyala/fasttemplate v1.2.2/go.mod h1:KHLXt3tVN2HBp8eijSv/kGJopbvo7S+qRAEEKiv+SiQ=
github.com/w1png/htmx-template v0.0.0-20231229124222-84eeb196f68b h1:7LfOMYMBqJtnC+1bGJHl9m5dyPL9y6uizxsOoMzUN+s=
github.com/w1png/htmx-template v0.0.0-20231229124222-84eeb196f68b/go.mod h1:/TAL/vfWXrDd5SNLVuAMppa/z1U7YGfuoSdCs0Z6Fac=
golang.org/x/crypto v0.17.0 h1:r8bRNjWL3GshPW3gkd+RpvzWrZAwPS49OmTGZ/uhM4k=
golang.org/x/crypto v0.17.0/go.mod h1:gCAAfMLgwOJRpTjQ2zCCt2OcSfYMTeZVSRtQlPC7Nq4=
golang.org/x/net v0.17.0 h1:pVaXccu2ozPjCXewfr1S7xza/zcXTity9cCdXQYSjIM=
golang.org/x/net v0.17.0/go.mod h1:NxSsAGuq816PNPmqtQdLE42eU2Fs7NoRIZrHJAlaCOE=
golang.org/x/sync v0.0.0-20181221193216-37e7f081c4d4/go.mod h1:RxMgew5VJxzue5/jJTE5uejpjVlOe/izrB70Jof72aM=
golang.org/x/sys v0.0.0-20220811171246-fbc7d0a398ab/go.mod h1:oPkhp1MJrh7nUepCBck5+mAzfO9JrbApNNgaTdGDITg=
golang.org/x/sys v0.6.0/go.mod h1:oPkhp1MJrh7nUepCBck5+mAzfO9JrbApNNgaTdGDITg=
golang.org/x/sys v0.15.0 h1:h48lPFYpsTvQJZF4EKyI4aLHaev3CxivZmv7yZig9pc=
golang.org/x/sys v0.15.0/go.mod h1:/VUhepiaJMQUp4+oa/7Zr1D23ma6VTLIYjOOTFZPUcA=
golang.org/x/text v0.14.0 h1:ScX5w1eTa3QqT8oi6+ziP7dTV1S2+ALU0bI+0zXKWiQ=
golang.org/x/text v0.14.0/go.mod h1:18ZOQIKpY8NJVqYksKHtTdi31H5itFRjB5/qKTNYzSU=
golang.org/x/time v0.3.0 h1:rg5rLMjNzMS1RkNLzCG38eapWhnYLFYXDXj2gOlr8j4=
golang.org/x/time v0.3.0/go.mod h1:tRJNPiyCQ0inRvYxbN9jk5I+vvW/OXSQhTDSoE431IQ=
golang.org/x/xerrors v0.0.0-20191204190536-9bdfabe68543/go.mod h1:I/5z698sn9Ka8TeJc9MKroUUfqBBauWjQqLJ2OPfmY0=
google.golang.org/protobuf v1.26.0-rc.1/go.mod h1:jlhhOSvTdKEhbULTjvd4ARK9grFBp09yW+WbY/TyQbw=
google.golang.org/protobuf v1.26.0/go.mod h1:9q0QmTI4eRPtz6boOQmLYwt+qCgq0jsYwAQnmE0givc=
google.golang.org/protobuf v1.28.1 h1:d0NfwRgPtno5B1Wa6L2DAG+KivqkdutMf1UhdNx175w=
google.golang.org/protobuf v1.28.1/go.mod h1:HV8QOd/L58Z+nl8r43ehVNZIU/HEI6OcFqwMG9pJV4I=
gopkg.in/alexcesaro/quotedprintable.v3 v3.0.0-20150716171945-2caba252f4dc h1:2gGKlE2+asNV9m7xrywl36YYNnBG5ZQ0r/BOOxqPpmk=
gopkg.in/alexcesaro/quotedprintable.v3 v3.0.0-20150716171945-2caba252f4dc/go.mod h1:m7x9LTH6d71AHyAX77c9yqWCCa3UKHcVEj9y7hAtKDk=
gopkg.in/check.v1 v0.0.0-20161208181325-20d25e280405/go.mod h1:Co6ibVJAznAaIkqp8huTwlJQCZ016jof/cbN4VW5Yz0=
gopkg.in/gomail.v2 v2.0.0-20160411212932-81ebce5c23df h1:n7WqCuqOuCbNr617RXOY0AWRXxgwEyPp2z+p0+hgMuE=
gopkg.in/gomail.v2 v2.0.0-20160411212932-81ebce5c23df/go.mod h1:LRQQ+SO6ZHR7tOkpBDuZnXENFzX8qRjMDMyPD6BRkCw=
gopkg.in/yaml.v2 v2.2.8/go.mod h1:hI93XBmqTisBFMUTm0b8Fm+jr3Dg1NNxqwp+5A1VGuI=
gopkg.in/yaml.v2 v2.4.0 h1:D8xgwECY7CYvx+Y2n4sBz93Jn9JRvxdiyyo8CTfuKaY=
gopkg.in/yaml.v2 v2.4.0/go.mod h1:RDklbk79AGWmwhnvt/jBztapEOGDOx6ZbXqjP6csGnQ=
gopkg.in/yaml.v3 v3.0.0-20200313102051-9f266ea9e77c/go.mod h1:K4uyk7z7BCEPqu6E+C64Yfv1cQ7kz7rIZviUmN+EgEM=
gopkg.in/yaml.v3 v3.0.1 h1:fxVm/GzAzEWqLHuvctI91KS9hhNmmWOoWu0XTYJS7CA=
gopkg.in/yaml.v3 v3.0.1/go.mod h1:K4uyk7z7BCEPqu6E+C64Yfv1cQ7kz7rIZviUmN+EgEM=
gorm.io/driver/postgres v1.5.6 h1:ydr9xEd5YAM0vxVDY0X139dyzNz10spDiDlC7+ibLeU=
gorm.io/driver/postgres v1.5.6/go.mod h1:3e019WlBaYI5o5LIdNV+LyxCMNtLOQETBXL2h4chKpA=
gorm.io/driver/sqlite v1.5.4 h1:IqXwXi8M/ZlPzH/947tn5uik3aYQslP9BVveoax0nV0=
gorm.io/driver/sqlite v1.5.4/go.mod h1:qxAuCol+2r6PannQDpOP1FP6ag3mKi4esLnB/jHed+4=
gorm.io/gorm v1.25.7-0.20240204074919-46816ad31dde h1:9DShaph9qhkIYw7QF91I/ynrr4cOO2PZra2PFD7Mfeg=
gorm.io/gorm v1.25.7-0.20240204074919-46816ad31dde/go.mod h1:hbnx/Oo0ChWMn1BIhpy1oYozzpM15i4YPuHDmfYtwg8=
